
Microsoft Visual Studio Solution File, Format Version 12.00
# Visual Studio 15
VisualStudioVersion = 15.0.28010.2046
MinimumVisualStudioVersion = 10.0.40219.1
Project("{FAE04EC0-301F-11D3-BF4B-00C04F79EFBC}") = "4201104085_DB4O", "4201104085_DB4O\4201104085_DB4O.csproj", "{89CD5DC8-1E99-4A52-BD11-BD0A6F524974}"
EndProject
Global
	GlobalSection(SolutionConfigurationPlatforms) = preSolution
		Debug|Any CPU = Debug|Any CPU
		Release|Any CPU = Release|Any CPU
	EndGlobalSection
	GlobalSection(ProjectConfigurationPlatforms) = postSolution
		{89CD5DC8-1E99-4A52-BD11-BD0A6F524974}.Debug|Any CPU.ActiveCfg = Debug|Any CPU
		{89CD5DC8-1E99-4A52-BD11-BD0A6F524974}.Debug|Any CPU.Build.0 = Debug|Any CPU
		{89CD5DC8-1E99-4A52-BD11-BD0A6F524974}.Release|Any CPU.ActiveCfg = Release|Any CPU
		{89CD5DC8-1E99-4A52-BD11-BD0A6F524974}.Release|Any CPU.Build.0 = Release|Any CPU
	EndGlobalSection
	GlobalSection(SolutionProperties) = preSolution
		HideSolutionNode = FALSE
	EndGlobalSection
	GlobalSection(ExtensibilityGlobals) = postSolution
		SolutionGuid = {3D7CA0B4-31EB-469B-A707-3043E9BCB9D3}
	EndGlobalSection
EndGlobal
